
Microsoft Visual Studio Solution File, Format Version 12.00
# Visual Studio Version 16
VisualStudioVersion = 16.0.29905.134
MinimumVisualStudioVersion = 10.0.40219.1
Project("{9A19103F-16F7-4668-BE54-9A1E7A4F7556}") = "Bridal_Automation", "Bridal_Automation\Bridal_Automation.csproj", "{4299064D-76E6-422D-93C0-8267F42D9300}"
EndProject
Project("{FAE04EC0-301F-11D3-BF4B-00C04F79EFBC}") = "Bridal_Automation_WebDriver", "Bridal_Automation_WebDriver\Bridal_Automation_WebDriver.csproj", "{904E32A2-D02C-4249-8B0F-EBA7FD6700D6}"
EndProject
Global
	GlobalSection(SolutionConfigurationPlatforms) = preSolution
		Debug|Any CPU = Debug|Any CPU
		Release|Any CPU = Release|Any CPU
	EndGlobalSection
	GlobalSection(ProjectConfigurationPlatforms) = postSolution
		{4299064D-76E6-422D-93C0-8267F42D9300}.Debug|Any CPU.ActiveCfg = Debug|Any CPU
		{4299064D-76E6-422D-93C0-8267F42D9300}.Debug|Any CPU.Build.0 = Debug|Any CPU
		{4299064D-76E6-422D-93C0-8267F42D9300}.Release|Any CPU.ActiveCfg = Release|Any CPU
		{4299064D-76E6-422D-93C0-8267F42D9300}.Release|Any CPU.Build.0 = Release|Any CPU
		{904E32A2-D02C-4249-8B0F-EBA7FD6700D6}.Debug|Any CPU.ActiveCfg = Debug|Any CPU
		{904E32A2-D02C-4249-8B0F-EBA7FD6700D6}.Debug|Any CPU.Build.0 = Debug|Any CPU
		{904E32A2-D02C-4249-8B0F-EBA7FD6700D6}.Release|Any CPU.ActiveCfg = Release|Any CPU
		{904E32A2-D02C-4249-8B0F-EBA7FD6700D6}.Release|Any CPU.Build.0 = Release|Any CPU
	EndGlobalSection
	GlobalSection(SolutionProperties) = preSolution
		HideSolutionNode = FALSE
	EndGlobalSection
	GlobalSection(ExtensibilityGlobals) = postSolution
		SolutionGuid = {D8ACE818-6D55-4085-B56B-C4FF7152B2D4}
	EndGlobalSection
EndGlobal
